
Microsoft Visual Studio Solution File, Format Version 11.00
# Visual Studio 2010
Project("{8BC9CEB8-8B4A-11D0-8D11-00A0C91BC942}") = "BaseDirect3D11", "BaseDirect3D11\BaseDirect3D11.vcxproj", "{E5242D90-918E-436E-8EA3-458D5D75755C}"
EndProject
Global
	GlobalSection(SolutionConfigurationPlatforms) = preSolution
		Debug|Win32 = Debug|Win32
		Release|Win32 = Release|Win32
	EndGlobalSection
	GlobalSection(ProjectConfigurationPlatforms) = postSolution
		{E5242D90-918E-436E-8EA3-458D5D75755C}.Debug|Win32.ActiveCfg = Debug|Win32
		{E5242D90-918E-436E-8EA3-458D5D75755C}.Debug|Win32.Build.0 = Debug|Win32
		{E5242D90-918E-436E-8EA3-458D5D75755C}.Release|Win32.ActiveCfg = Release|Win32
		{E5242D90-918E-436E-8EA3-458D5D75755C}.Release|Win32.Build.0 = Release|Win32
	EndGlobalSection
	GlobalSection(SolutionProperties) = preSolution
		HideSolutionNode = FALSE
	EndGlobalSection
EndGlobal
